// !$*UTF8*$!
{
	archiveVersion = 1;
	classes = {
	};
	objectVersion = 50;
	objects = {

/* Begin PBXBuildFile section */
		C924665324DCA02100EAF15F /* MusicDetailsView.swift in Sources */ = {isa = PBXBuildFile; fileRef = C924665224DCA02100EAF15F /* MusicDetailsView.swift */; };
		C99C442F24DC0A91002545CC /* MusicListCell.swift in Sources */ = {isa = PBXBuildFile; fileRef = C99C442E24DC0A91002545CC /* MusicListCell.swift */; };
		C9B0B5B424DB2937006A612B /* AppDelegate.swift in Sources */ = {isa = PBXBuildFile; fileRef = C9B0B5B324DB2937006A612B /* AppDelegate.swift */; };
		C9B0B5B624DB2937006A612B /* SceneDelegate.swift in Sources */ = {isa = PBXBuildFile; fileRef = C9B0B5B524DB2937006A612B /* SceneDelegate.swift */; };
		C9B0B5B824DB2937006A612B /* MusicListView.swift in Sources */ = {isa = PBXBuildFile; fileRef = C9B0B5B724DB2937006A612B /* MusicListView.swift */; };
		C9B0B5BA24DB2938006A612B /* Assets.xcassets in Resources */ = {isa = PBXBuildFile; fileRef = C9B0B5B924DB2938006A612B /* Assets.xcassets */; };
		C9B0B5BD24DB2938006A612B /* Preview Assets.xcassets in Resources */ = {isa = PBXBuildFile; fileRef = C9B0B5BC24DB2938006A612B /* Preview Assets.xcassets */; };
		C9B0B5C024DB2938006A612B /* LaunchScreen.storyboard in Resources */ = {isa = PBXBuildFile; fileRef = C9B0B5BE24DB2938006A612B /* LaunchScreen.storyboard */; };
		C9B0B5C824DB2FBB006A612B /* MusicListViewModel.swift in Sources */ = {isa = PBXBuildFile; fileRef = C9B0B5C724DB2FBB006A612B /* MusicListViewModel.swift */; };
		C9B0B5CB24DB31D3006A612B /* Music.swift in Sources */ = {isa = PBXBuildFile; fileRef = C9B0B5CA24DB31D3006A612B /* Music.swift */; };
		C9F6A36224DDD13D00AE448D /* MusicDetailsModelView.swift in Sources */ = {isa = PBXBuildFile; fileRef = C9F6A36124DDD13D00AE448D /* MusicDetailsModelView.swift */; };
/* End PBXBuildFile section */

/* Begin PBXFileReference section */
		C924665224DCA02100EAF15F /* MusicDetailsView.swift */ = {isa = PBXFileReference; lastKnownFileType = sourcecode.swift; path = MusicDetailsView.swift; sourceTree = "<group>"; };
		C99C442E24DC0A91002545CC /* MusicListCell.swift */ = {isa = PBXFileReference; lastKnownFileType = sourcecode.swift; path = MusicListCell.swift; sourceTree = "<group>"; };
		C9B0B5B024DB2937006A612B /* MusicLibrary.app */ = {isa = PBXFileReference; explicitFileType = wrapper.application; includeInIndex = 0; path = MusicLibrary.app; sourceTree = BUILT_PRODUCTS_DIR; };
		C9B0B5B324DB2937006A612B /* AppDelegate.swift */ = {isa = PBXFileReference; lastKnownFileType = sourcecode.swift; path = AppDelegate.swift; sourceTree = "<group>"; };
		C9B0B5B524DB2937006A612B /* SceneDelegate.swift */ = {isa = PBXFileReference; lastKnownFileType = sourcecode.swift; path = SceneDelegate.swift; sourceTree = "<group>"; };
		C9B0B5B724DB2937006A612B /* MusicListView.swift */ = {isa = PBXFileReference; lastKnownFileType = sourcecode.swift; path = MusicListView.swift; sourceTree = "<group>"; };
		C9B0B5B924DB2938006A612B /* Assets.xcassets */ = {isa = PBXFileReference; lastKnownFileType = folder.assetcatalog; path = Assets.xcassets; sourceTree = "<group>"; };
		C9B0B5BC24DB2938006A612B /* Preview Assets.xcassets */ = {isa = PBXFileReference; lastKnownFileType = folder.assetcatalog; path = "Preview Assets.xcassets"; sourceTree = "<group>"; };
		C9B0B5BF24DB2938006A612B /* Base */ = {isa = PBXFileReference; lastKnownFileType = file.storyboard; name = Base; path = Base.lproj/LaunchScreen.storyboard; sourceTree = "<group>"; };
		C9B0B5C124DB2938006A612B /* Info.plist */ = {isa = PBXFileReference; lastKnownFileType = text.plist.xml; path = Info.plist; sourceTree = "<group>"; };
		C9B0B5C724DB2FBB006A612B /* MusicListViewModel.swift */ = {isa = PBXFileReference; lastKnownFileType = sourcecode.swift; path = MusicListViewModel.swift; sourceTree = "<group>"; };
		C9B0B5CA24DB31D3006A612B /* Music.swift */ = {isa = PBXFileReference; lastKnownFileType = sourcecode.swift; path = Music.swift; sourceTree = "<group>"; };
		C9F6A36124DDD13D00AE448D /* MusicDetailsModelView.swift */ = {isa = PBXFileReference; lastKnownFileType = sourcecode.swift; path = MusicDetailsModelView.swift; sourceTree = "<group>"; };
/* End PBXFileReference section */

/* Begin PBXFrameworksBuildPhase section */
		C9B0B5AD24DB2937006A612B /* Frameworks */ = {
			isa = PBXFrameworksBuildPhase;
			buildActionMask = 2147483647;
			files = (
			);
			runOnlyForDeploymentPostprocessing = 0;
		};
/* End PBXFrameworksBuildPhase section */

/* Begin PBXGroup section */
		C9B0B5A724DB2937006A612B = {
			isa = PBXGroup;
			children = (
				C9B0B5B224DB2937006A612B /* MusicLibrary */,
				C9B0B5B124DB2937006A612B /* Products */,
			);
			sourceTree = "<group>";
		};
		C9B0B5B124DB2937006A612B /* Products */ = {
			isa = PBXGroup;
			children = (
				C9B0B5B024DB2937006A612B /* MusicLibrary.app */,
			);
			name = Products;
			sourceTree = "<group>";
		};
		C9B0B5B224DB2937006A612B /* MusicLibrary */ = {
			isa = PBXGroup;
			children = (
				C9B0B5CD24DB3C6D006A612B /* View */,
				C9B0B5CC24DB3C52006A612B /* ViewModel */,
				C9B0B5C924DB31AF006A612B /* Model */,
				C9B0B5B324DB2937006A612B /* AppDelegate.swift */,
				C9B0B5B524DB2937006A612B /* SceneDelegate.swift */,
				C9B0B5B924DB2938006A612B /* Assets.xcassets */,
				C9B0B5BE24DB2938006A612B /* LaunchScreen.storyboard */,
				C9B0B5C124DB2938006A612B /* Info.plist */,
				C9B0B5BB24DB2938006A612B /* Preview Content */,
			);
			path = MusicLibrary;
			sourceTree = "<group>";
		};
		C9B0B5BB24DB2938006A612B /* Preview Content */ = {
			isa = PBXGroup;
			children = (
				C9B0B5BC24DB2938006A612B /* Preview Assets.xcassets */,
			);
			path = "Preview Content";
			sourceTree = "<group>";
		};
		C9B0B5C924DB31AF006A612B /* Model */ = {
			isa = PBXGroup;
			children = (
				C9B0B5CA24DB31D3006A612B /* Music.swift */,
			);
			path = Model;
			sourceTree = "<group>";
		};
		C9B0B5CC24DB3C52006A612B /* ViewModel */ = {
			isa = PBXGroup;
			children = (
				C9B0B5C724DB2FBB006A612B /* MusicListViewModel.swift */,
				C9F6A36124DDD13D00AE448D /* MusicDetailsModelView.swift */,
			);
			path = ViewModel;
			sourceTree = "<group>";
		};
		C9B0B5CD24DB3C6D006A612B /* View */ = {
			isa = PBXGroup;
			children = (
				C9B0B5B724DB2937006A612B /* MusicListView.swift */,
				C99C442E24DC0A91002545CC /* MusicListCell.swift */,
				C924665224DCA02100EAF15F /* MusicDetailsView.swift */,
			);
			path = View;
			sourceTree = "<group>";
		};
/* End PBXGroup section */

/* Begin PBXNativeTarget section */
		C9B0B5AF24DB2937006A612B /* MusicLibrary */ = {
			isa = PBXNativeTarget;
			buildConfigurationList = C9B0B5C424DB2938006A612B /* Build configuration list for PBXNativeTarget "MusicLibrary" */;
			buildPhases = (
				C9B0B5AC24DB2937006A612B /* Sources */,
				C9B0B5AD24DB2937006A612B /* Frameworks */,
				C9B0B5AE24DB2937006A612B /* Resources */,
			);
			buildRules = (
			);
			dependencies = (
			);
			name = MusicLibrary;
			productName = MusicLibrary;
			productReference = C9B0B5B024DB2937006A612B /* MusicLibrary.app */;
			productType = "com.apple.product-type.application";
		};
/* End PBXNativeTarget section */

/* Begin PBXProject section */
		C9B0B5A824DB2937006A612B /* Project object */ = {
			isa = PBXProject;
			attributes = {
				LastSwiftUpdateCheck = 1140;
				LastUpgradeCheck = 1140;
				ORGANIZATIONNAME = "Andes Infotech";
				TargetAttributes = {
					C9B0B5AF24DB2937006A612B = {
						CreatedOnToolsVersion = 11.4;
					};
				};
			};
			buildConfigurationList = C9B0B5AB24DB2937006A612B /* Build configuration list for PBXProject "MusicLibrary" */;
			compatibilityVersion = "Xcode 9.3";
			developmentRegion = en;
			hasScannedForEncodings = 0;
			knownRegions = (
				en,
				Base,
			);
			mainGroup = C9B0B5A724DB2937006A612B;
			productRefGroup = C9B0B5B124DB2937006A612B /* Products */;
			projectDirPath = "";
			projectRoot = "";
			targets = (
				C9B0B5AF24DB2937006A612B /* MusicLibrary */,
			);
		};
/* End PBXProject section */

/* Begin PBXResourcesBuildPhase section */
		C9B0B5AE24DB2937006A612B /* Resources */ = {
			isa = PBXResourcesBuildPhase;
			buildActionMask = 2147483647;
			files = (
				C9B0B5C024DB2938006A612B /* LaunchScreen.storyboard in Resources */,
				C9B0B5BD24DB2938006A612B /* Preview Assets.xcassets in Resources */,
				C9B0B5BA24DB2938006A612B /* Assets.xcassets in Resources */,
			);
			runOnlyForDeploymentPostprocessing = 0;
		};
/* End PBXResourcesBuildPhase section */

/* Begin PBXSourcesBuildPhase section */
		C9B0B5AC24DB2937006A612B /* Sources */ = {
			isa = PBXSourcesBuildPhase;
			buildActionMask = 2147483647;
			files = (
				C9B0B5C824DB2FBB006A612B /* MusicListViewModel.swift in Sources */,
				C9F6A36224DDD13D00AE448D /* MusicDetailsModelView.swift in Sources */,
				C9B0B5B424DB2937006A612B /* AppDelegate.swift in Sources */,
				C9B0B5CB24DB31D3006A612B /* Music.swift in Sources */,
				C9B0B5B624DB2937006A612B /* SceneDelegate.swift in Sources */,
				C9B0B5B824DB2937006A612B /* MusicListView.swift in Sources */,
				C99C442F24DC0A91002545CC /* MusicListCell.swift in Sources */,
				C924665324DCA02100EAF15F /* MusicDetailsView.swift in Sources */,
			);
			runOnlyForDeploymentPostprocessing = 0;
		};
/* End PBXSourcesBuildPhase section */

/* Begin PBXVariantGroup section */
		C9B0B5BE24DB2938006A612B /* LaunchScreen.storyboard */ = {
			isa = PBXVariantGroup;
			children = (
				C9B0B5BF24DB2938006A612B /* Base */,
			);
			name = LaunchScreen.storyboard;
			sourceTree = "<group>";
		};
/* End PBXVariantGroup section */

/* Begin XCBuildConfiguration section */
		C9B0B5C224DB2938006A612B /* Debug */ = {
			isa = XCBuildConfiguration;
			buildSettings = {
				ALWAYS_SEARCH_USER_PATHS = NO;
				CLANG_ANALYZER_NONNULL = YES;
				CLANG_ANALYZER_NUMBER_OBJECT_CONVERSION = YES_AGGRESSIVE;
				CLANG_CXX_LANGUAGE_STANDARD = "gnu++14";
				CLANG_CXX_LIBRARY = "libc++";
				CLANG_ENABLE_MODULES = YES;
				CLANG_ENABLE_OBJC_ARC = YES;
				CLANG_ENABLE_OBJC_WEAK = YES;
				CLANG_WARN_BLOCK_CAPTURE_AUTORELEASING = YES;
				CLANG_WARN_BOOL_CONVERSION = YES;
				CLANG_WARN_COMMA = YES;
				CLANG_WARN_CONSTANT_CONVERSION = YES;
				CLANG_WARN_DEPRECATED_OBJC_IMPLEMENTATIONS = YES;
				CLANG_WARN_DIRECT_OBJC_ISA_USAGE = YES_ERROR;
				CLANG_WARN_DOCUMENTATION_COMMENTS = YES;
				CLANG_WARN_EMPTY_BODY = YES;
				CLANG_WARN_ENUM_CONVERSION = YES;
				CLANG_WARN_INFINITE_RECURSION = YES;
				CLANG_WARN_INT_CONVERSION = YES;
				CLANG_WARN_NON_LITERAL_NULL_CONVERSION = YES;
				CLANG_WARN_OBJC_IMPLICIT_RETAIN_SELF = YES;
				CLANG_WARN_OBJC_LITERAL_CONVERSION = YES;
				CLANG_WARN_OBJC_ROOT_CLASS = YES_ERROR;
				CLANG_WARN_RANGE_LOOP_ANALYSIS = YES;
				CLANG_WARN_STRICT_PROTOTYPES = YES;
				CLANG_WARN_SUSPICIOUS_MOVE = YES;
				CLANG_WARN_UNGUARDED_AVAILABILITY = YES_AGGRESSIVE;
				CLANG_WARN_UNREACHABLE_CODE = YES;
				CLANG_WARN__DUPLICATE_METHOD_MATCH = YES;
				COPY_PHASE_STRIP = NO;
				DEBUG_INFORMATION_FORMAT = dwarf;
				ENABLE_STRICT_OBJC_MSGSEND = YES;
				ENABLE_TESTABILITY = YES;
				GCC_C_LANGUAGE_STANDARD = gnu11;
				GCC_DYNAMIC_NO_PIC = NO;
				GCC_NO_COMMON_BLOCKS = YES;
				GCC_OPTIMIZATION_LEVEL = 0;
				GCC_PREPROCESSOR_DEFINITIONS = (
					"DEBUG=1",
					"$(inherited)",
				);
				GCC_WARN_64_TO_32_BIT_CONVERSION = YES;
				GCC_WARN_ABOUT_RETURN_TYPE = YES_ERROR;
				GCC_WARN_UNDECLARED_SELECTOR = YES;
				GCC_WARN_UNINITIALIZED_AUTOS = YES_AGGRESSIVE;
				GCC_WARN_UNUSED_FUNCTION = YES;
				GCC_WARN_UNUSED_VARIABLE = YES;
				IPHONEOS_DEPLOYMENT_TARGET = 13.4;
				MTL_ENABLE_DEBUG_INFO = INCLUDE_SOURCE;
				MTL_FAST_MATH = YES;
				ONLY_ACTIVE_ARCH = YES;
				SDKROOT = iphoneos;
				SWIFT_ACTIVE_COMPILATION_CONDITIONS = DEBUG;
				SWIFT_OPTIMIZATION_LEVEL = "-Onone";
			};
			name = Debug;
		};
		C9B0B5C324DB2938006A612B /* Release */ = {
			isa = XCBuildConfiguration;
			buildSettings = {
				ALWAYS_SEARCH_USER_PATHS = NO;
				CLANG_ANALYZER_NONNULL = YES;
				CLANG_ANALYZER_NUMBER_OBJECT_CONVERSION = YES_AGGRESSIVE;
				CLANG_CXX_LANGUAGE_STANDARD = "gnu++14";
				CLANG_CXX_LIBRARY = "libc++";
				CLANG_ENABLE_MODULES = YES;
				CLANG_ENABLE_OBJC_ARC = YES;
				CLANG_ENABLE_OBJC_WEAK = YES;
				CLANG_WARN_BLOCK_CAPTURE_AUTORELEASING = YES;
				CLANG_WARN_BOOL_CONVERSION = YES;
				CLANG_WARN_COMMA = YES;
				CLANG_WARN_CONSTANT_CONVERSION = YES;
				CLANG_WARN_DEPRECATED_OBJC_IMPLEMENTATIONS = YES;
				CLANG_WARN_DIRECT_OBJC_ISA_USAGE = YES_ERROR;
				CLANG_WARN_DOCUMENTATION_COMMENTS = YES;
				CLANG_WARN_EMPTY_BODY = YES;
				CLANG_WARN_ENUM_CONVERSION = YES;
				CLANG_WARN_INFINITE_RECURSION = YES;
				CLANG_WARN_INT_CONVERSION = YES;
				CLANG_WARN_NON_LITERAL_NULL_CONVERSION = YES;
				CLANG_WARN_OBJC_IMPLICIT_RETAIN_SELF = YES;
				CLANG_WARN_OBJC_LITERAL_CONVERSION = YES;
				CLANG_WARN_OBJC_ROOT_CLASS = YES_ERROR;
				CLANG_WARN_RANGE_LOOP_ANALYSIS = YES;
				CLANG_WARN_STRICT_PROTOTYPES = YES;
				CLANG_WARN_SUSPICIOUS_MOVE = YES;
				CLANG_WARN_UNGUARDED_AVAILABILITY = YES_AGGRESSIVE;
				CLANG_WARN_UNREACHABLE_CODE = YES;
				CLANG_WARN__DUPLICATE_METHOD_MATCH = YES;
				COPY_PHASE_STRIP = NO;
				DEBUG_INFORMATION_FORMAT = "dwarf-with-dsym";
				ENABLE_NS_ASSERTIONS = NO;
				ENABLE_STRICT_OBJC_MSGSEND = YES;
				GCC_C_LANGUAGE_STANDARD = gnu11;
				GCC_NO_COMMON_BLOCKS = YES;
				GCC_WARN_64_TO_32_BIT_CONVERSION = YES;
				GCC_WARN_ABOUT_RETURN_TYPE = YES_ERROR;
				GCC_WARN_UNDECLARED_SELECTOR = YES;
				GCC_WARN_UNINITIALIZED_AUTOS = YES_AGGRESSIVE;
				GCC_WARN_UNUSED_FUNCTION = YES;
				GCC_WARN_UNUSED_VARIABLE = YES;
				IPHONEOS_DEPLOYMENT_TARGET = 13.4;
				MTL_ENABLE_DEBUG_INFO = NO;
				MTL_FAST_MATH = YES;
				SDKROOT = iphoneos;
				SWIFT_COMPILATION_MODE = wholemodule;
				SWIFT_OPTIMIZATION_LEVEL = "-O";
				VALIDATE_PRODUCT = YES;
			};
			name = Release;
		};
		C9B0B5C524DB2938006A612B /* Debug */ = {
			isa = XCBuildConfiguration;
			buildSettings = {
				ASSETCATALOG_COMPILER_APPICON_NAME = AppIcon;
				CODE_SIGN_STYLE = Automatic;
				DEVELOPMENT_ASSET_PATHS = "\"MusicLibrary/Preview Content\"";
				ENABLE_PREVIEWS = YES;
				INFOPLIST_FILE = MusicLibrary/Info.plist;
				LD_RUNPATH_SEARCH_PATHS = (
					"$(inherited)",
					"@executable_path/Frameworks",
				);
				PRODUCT_BUNDLE_IDENTIFIER = com.ezshare.MusicLibrary;
				PRODUCT_NAME = "$(TARGET_NAME)";
				SWIFT_VERSION = 5.0;
				TARGETED_DEVICE_FAMILY = "1,2";
			};
			name = Debug;
		};
		C9B0B5C624DB2938006A612B /* Release */ = {
			isa = XCBuildConfiguration;
			buildSettings = {
				ASSETCATALOG_COMPILER_APPICON_NAME = AppIcon;
				CODE_SIGN_STYLE = Automatic;
				DEVELOPMENT_ASSET_PATHS = "\"MusicLibrary/Preview Content\"";
				ENABLE_PREVIEWS = YES;
				INFOPLIST_FILE = MusicLibrary/Info.plist;
				LD_RUNPATH_SEARCH_PATHS = (
					"$(inherited)",
					"@executable_path/Frameworks",
				);
				PRODUCT_BUNDLE_IDENTIFIER = com.ezshare.MusicLibrary;
				PRODUCT_NAME = "$(TARGET_NAME)";
				SWIFT_VERSION = 5.0;
				TARGETED_DEVICE_FAMILY = "1,2";
			};
			name = Release;
		};
/* End XCBuildConfiguration section */

/* Begin XCConfigurationList section */
		C9B0B5AB24DB2937006A612B /* Build configuration list for PBXProject "MusicLibrary" */ = {
			isa = XCConfigurationList;
			buildConfigurations = (
				C9B0B5C224DB2938006A612B /* Debug */,
				C9B0B5C324DB2938006A612B /* Release */,
			);
			defaultConfigurationIsVisible = 0;
			defaultConfigurationName = Release;
		};
		C9B0B5C424DB2938006A612B /* Build configuration list for PBXNativeTarget "MusicLibrary" */ = {
			isa = XCConfigurationList;
			buildConfigurations = (
				C9B0B5C524DB2938006A612B /* Debug */,
				C9B0B5C624DB2938006A612B /* Release */,
			);
			defaultConfigurationIsVisible = 0;
			defaultConfigurationName = Release;
		};
/* End XCConfigurationList section */
	};
	rootObject = C9B0B5A824DB2937006A612B /* Project object */;
}
